
Microsoft Visual Studio Solution File, Format Version 12.00
# Visual Studio Version 17
VisualStudioVersion = 17.3.32901.215
MinimumVisualStudioVersion = 10.0.40219.1
Project("{FAE04EC0-301F-11D3-BF4B-00C04F79EFBC}") = "RealHouzing.EntityLayer", "RealHouzing.EntityLayer\RealHouzing.EntityLayer.csproj", "{2EC29A3E-4D70-48FE-8A07-62FFCC453298}"
EndProject
Project("{FAE04EC0-301F-11D3-BF4B-00C04F79EFBC}") = "RealHouzing.DataAccessLayer", "RealHouzing.DataAccessLayer\RealHouzing.DataAccessLayer.csproj", "{B6819F5A-5182-4984-86DA-1298080A7449}"
EndProject
Project("{FAE04EC0-301F-11D3-BF4B-00C04F79EFBC}") = "RealHouzing.BusinessLayer", "RealHouzing.BusinessLayer\RealHouzing.BusinessLayer.csproj", "{A10420BF-C42B-436C-B552-E7100602004D}"
EndProject
Project("{FAE04EC0-301F-11D3-BF4B-00C04F79EFBC}") = "RealHouzing.DtoLayer", "RealHouzing.DtoLayer\RealHouzing.DtoLayer.csproj", "{17B80D0A-3C07-4BC1-85EA-17E615BCB765}"
EndProject
Project("{FAE04EC0-301F-11D3-BF4B-00C04F79EFBC}") = "RealHouzing.ApiLayer", "RealHouzing.ApiLayer\RealHouzing.ApiLayer.csproj", "{F69BB366-8FF9-4CEB-A4E9-84F9133CBF33}"
EndProject
Global
	GlobalSection(SolutionConfigurationPlatforms) = preSolution
		Debug|Any CPU = Debug|Any CPU
		Release|Any CPU = Release|Any CPU
	EndGlobalSection
	GlobalSection(ProjectConfigurationPlatforms) = postSolution
		{2EC29A3E-4D70-48FE-8A07-62FFCC453298}.Debug|Any CPU.ActiveCfg = Debug|Any CPU
		{2EC29A3E-4D70-48FE-8A07-62FFCC453298}.Debug|Any CPU.Build.0 = Debug|Any CPU
		{2EC29A3E-4D70-48FE-8A07-62FFCC453298}.Release|Any CPU.ActiveCfg = Release|Any CPU
		{2EC29A3E-4D70-48FE-8A07-62FFCC453298}.Release|Any CPU.Build.0 = Release|Any CPU
		{B6819F5A-5182-4984-86DA-1298080A7449}.Debug|Any CPU.ActiveCfg = Debug|Any CPU
		{B6819F5A-5182-4984-86DA-1298080A7449}.Debug|Any CPU.Build.0 = Debug|Any CPU
		{B6819F5A-5182-4984-86DA-1298080A7449}.Release|Any CPU.ActiveCfg = Release|Any CPU
		{B6819F5A-5182-4984-86DA-1298080A7449}.Release|Any CPU.Build.0 = Release|Any CPU
		{A10420BF-C42B-436C-B552-E7100602004D}.Debug|Any CPU.ActiveCfg = Debug|Any CPU
		{A10420BF-C42B-436C-B552-E7100602004D}.Debug|Any CPU.Build.0 = Debug|Any CPU
		{A10420BF-C42B-436C-B552-E7100602004D}.Release|Any CPU.ActiveCfg = Release|Any CPU
		{A10420BF-C42B-436C-B552-E7100602004D}.Release|Any CPU.Build.0 = Release|Any CPU
		{17B80D0A-3C07-4BC1-85EA-17E615BCB765}.Debug|Any CPU.ActiveCfg = Debug|Any CPU
		{17B80D0A-3C07-4BC1-85EA-17E615BCB765}.Debug|Any CPU.Build.0 = Debug|Any CPU
		{17B80D0A-3C07-4BC1-85EA-17E615BCB765}.Release|Any CPU.ActiveCfg = Release|Any CPU
		{17B80D0A-3C07-4BC1-85EA-17E615BCB765}.Release|Any CPU.Build.0 = Release|Any CPU
		{F69BB366-8FF9-4CEB-A4E9-84F9133CBF33}.Debug|Any CPU.ActiveCfg = Debug|Any CPU
		{F69BB366-8FF9-4CEB-A4E9-84F9133CBF33}.Debug|Any CPU.Build.0 = Debug|Any CPU
		{F69BB366-8FF9-4CEB-A4E9-84F9133CBF33}.Release|Any CPU.ActiveCfg = Release|Any CPU
		{F69BB366-8FF9-4CEB-A4E9-84F9133CBF33}.Release|Any CPU.Build.0 = Release|Any CPU
	EndGlobalSection
	GlobalSection(SolutionProperties) = preSolution
		HideSolutionNode = FALSE
	EndGlobalSection
	GlobalSection(ExtensibilityGlobals) = postSolution
		SolutionGuid = {9B4A5750-E84E-4C17-BA47-3879C98B5BDF}
	EndGlobalSection
EndGlobal
